
Microsoft Visual Studio Solution File, Format Version 12.00
# Visual Studio Version 17
VisualStudioVersion = 17.6.33815.320
MinimumVisualStudioVersion = 10.0.40219.1
Project("{9A19103F-16F7-4668-BE54-9A1E7A4F7556}") = "Student", "Colegio\Student.csproj", "{F9DB474D-D5FF-4B12-862D-80E8EC20A02F}"
EndProject
Project("{9A19103F-16F7-4668-BE54-9A1E7A4F7556}") = "Student.Tests", "Student.Tests\Student.Tests.csproj", "{EE559191-5683-4BAE-82F0-A4EF9A874A99}"
EndProject
Global
	GlobalSection(SolutionConfigurationPlatforms) = preSolution
		Debug|Any CPU = Debug|Any CPU
		Release|Any CPU = Release|Any CPU
	EndGlobalSection
	GlobalSection(ProjectConfigurationPlatforms) = postSolution
		{F9DB474D-D5FF-4B12-862D-80E8EC20A02F}.Debug|Any CPU.ActiveCfg = Debug|Any CPU
		{F9DB474D-D5FF-4B12-862D-80E8EC20A02F}.Debug|Any CPU.Build.0 = Debug|Any CPU
		{F9DB474D-D5FF-4B12-862D-80E8EC20A02F}.Release|Any CPU.ActiveCfg = Release|Any CPU
		{F9DB474D-D5FF-4B12-862D-80E8EC20A02F}.Release|Any CPU.Build.0 = Release|Any CPU
		{EE559191-5683-4BAE-82F0-A4EF9A874A99}.Debug|Any CPU.ActiveCfg = Debug|Any CPU
		{EE559191-5683-4BAE-82F0-A4EF9A874A99}.Debug|Any CPU.Build.0 = Debug|Any CPU
		{EE559191-5683-4BAE-82F0-A4EF9A874A99}.Release|Any CPU.ActiveCfg = Release|Any CPU
		{EE559191-5683-4BAE-82F0-A4EF9A874A99}.Release|Any CPU.Build.0 = Release|Any CPU
	EndGlobalSection
	GlobalSection(SolutionProperties) = preSolution
		HideSolutionNode = FALSE
	EndGlobalSection
	GlobalSection(ExtensibilityGlobals) = postSolution
		SolutionGuid = {C9E23BD4-E4E8-4E87-B20B-A7A79E417D8D}
	EndGlobalSection
EndGlobal
